
Microsoft Visual Studio Solution File, Format Version 12.00
# Visual Studio Version 17
VisualStudioVersion = 17.9.34714.143
MinimumVisualStudioVersion = 10.0.40219.1
Project("{FAE04EC0-301F-11D3-BF4B-00C04F79EFBC}") = "AvcolGrpsCharitySoftware", "AvcolGrpsCharitySoftware\AvcolGrpsCharitySoftware.csproj", "{1406E81D-FD6A-49BE-9686-6A34A8664844}"
EndProject
Global
	GlobalSection(SolutionConfigurationPlatforms) = preSolution
		Debug|Any CPU = Debug|Any CPU
		Release|Any CPU = Release|Any CPU
	EndGlobalSection
	GlobalSection(ProjectConfigurationPlatforms) = postSolution
		{1406E81D-FD6A-49BE-9686-6A34A8664844}.Debug|Any CPU.ActiveCfg = Debug|Any CPU
		{1406E81D-FD6A-49BE-9686-6A34A8664844}.Debug|Any CPU.Build.0 = Debug|Any CPU
		{1406E81D-FD6A-49BE-9686-6A34A8664844}.Release|Any CPU.ActiveCfg = Release|Any CPU
		{1406E81D-FD6A-49BE-9686-6A34A8664844}.Release|Any CPU.Build.0 = Release|Any CPU
	EndGlobalSection
	GlobalSection(SolutionProperties) = preSolution
		HideSolutionNode = FALSE
	EndGlobalSection
	GlobalSection(ExtensibilityGlobals) = postSolution
		SolutionGuid = {3C0102A6-A9D4-4E26-A66B-F2F84A94A350}
	EndGlobalSection
EndGlobal
